
Microsoft Visual Studio Solution File, Format Version 12.00
# Visual Studio Version 17
VisualStudioVersion = 17.5.33516.290
MinimumVisualStudioVersion = 10.0.40219.1
Project("{9A19103F-16F7-4668-BE54-9A1E7A4F7556}") = "bytebank", "bytebank\bytebank.csproj", "{5803AB50-8D7C-49F6-9B7E-135EDC922F15}"
EndProject
Global
	GlobalSection(SolutionConfigurationPlatforms) = preSolution
		Debug|Any CPU = Debug|Any CPU
		Release|Any CPU = Release|Any CPU
	EndGlobalSection
	GlobalSection(ProjectConfigurationPlatforms) = postSolution
		{5803AB50-8D7C-49F6-9B7E-135EDC922F15}.Debug|Any CPU.ActiveCfg = Debug|Any CPU
		{5803AB50-8D7C-49F6-9B7E-135EDC922F15}.Debug|Any CPU.Build.0 = Debug|Any CPU
		{5803AB50-8D7C-49F6-9B7E-135EDC922F15}.Release|Any CPU.ActiveCfg = Release|Any CPU
		{5803AB50-8D7C-49F6-9B7E-135EDC922F15}.Release|Any CPU.Build.0 = Release|Any CPU
	EndGlobalSection
	GlobalSection(SolutionProperties) = preSolution
		HideSolutionNode = FALSE
	EndGlobalSection
	GlobalSection(ExtensibilityGlobals) = postSolution
		SolutionGuid = {5A36D18C-B91B-41AF-B6F6-73C417D5CCD1}
	EndGlobalSection
EndGlobal
